schema: '2.0'
stages:
  count-words:
    cmd: python cdstemplate/corpus_counter_script.py data/gutenberg_counts.csv data/gutenberg/*.txt
      --case-insensitive
    deps:
    - path: cdstemplate/corpus_counter_script.py
      md5: ac6a52d942221938c5cb256015701a4e
      size: 2237
    - path: data/gutenberg
      md5: 41d960155f1a7f55480c03cea68ba2a7.dir
      size: 11000
      nfiles: 11
    outs:
    - path: data/gutenberg_counts.csv
      md5: 74abc508b4e4015ab4136405df251a57
      size: 4922
